Microsoft Visual Studio Solution File, Format Version 8.00
Project("{8BC9CEB8-8B4A-11D0-8D11-00A0C91BC942}") = "NvCpl", "NvCpl.vcproj", "{2EB8CAFB-490E-4991-8B5E-EB44FB8BC632}"
	ProjectSection(ProjectDependencies) = postProject
	EndProjectSection
EndProject
Global
	GlobalSection(SolutionConfiguration) = preSolution
		Debug = Debug
		Release = Release
	EndGlobalSection
	GlobalSection(ProjectConfiguration) = postSolution
		{2EB8CAFB-490E-4991-8B5E-EB44FB8BC632}.Debug.ActiveCfg = Debug|Win32
		{2EB8CAFB-490E-4991-8B5E-EB44FB8BC632}.Debug.Build.0 = Debug|Win32
		{2EB8CAFB-490E-4991-8B5E-EB44FB8BC632}.Release.ActiveCfg = Release|Win32
		{2EB8CAFB-490E-4991-8B5E-EB44FB8BC632}.Release.Build.0 = Release|Win32
	EndGlobalSection
	GlobalSection(ExtensibilityGlobals) = postSolution
	EndGlobalSection
	GlobalSection(ExtensibilityAddIns) = postSolution
	EndGlobalSection
EndGlobal
